
Microsoft Visual Studio Solution File, Format Version 12.00
# Visual Studio Version 16
VisualStudioVersion = 16.0.31624.102
MinimumVisualStudioVersion = 10.0.40219.1
Project("{FAE04EC0-301F-11D3-BF4B-00C04F79EFBC}") = "TesteEnvioSMS", "TesteEnvioSMS\TesteEnvioSMS.csproj", "{1603F7D8-5EB0-4C7F-942C-BB9781D5B51A}"
EndProject
Global
	GlobalSection(SolutionConfigurationPlatforms) = preSolution
		Debug|Any CPU = Debug|Any CPU
		Release|Any CPU = Release|Any CPU
	EndGlobalSection
	GlobalSection(ProjectConfigurationPlatforms) = postSolution
		{1603F7D8-5EB0-4C7F-942C-BB9781D5B51A}.Debug|Any CPU.ActiveCfg = Debug|Any CPU
		{1603F7D8-5EB0-4C7F-942C-BB9781D5B51A}.Debug|Any CPU.Build.0 = Debug|Any CPU
		{1603F7D8-5EB0-4C7F-942C-BB9781D5B51A}.Release|Any CPU.ActiveCfg = Release|Any CPU
		{1603F7D8-5EB0-4C7F-942C-BB9781D5B51A}.Release|Any CPU.Build.0 = Release|Any CPU
	EndGlobalSection
	GlobalSection(SolutionProperties) = preSolution
		HideSolutionNode = FALSE
	EndGlobalSection
	GlobalSection(ExtensibilityGlobals) = postSolution
		SolutionGuid = {4250FD5F-3914-4519-A1D6-0C404E7FF664}
	EndGlobalSection
EndGlobal
